#MicroXplorer Configuration settings - do not modify
ADC1.Channel-1\#ChannelRegularConversion=ADC_CHANNEL_2
ADC1.IPParameters=master,SamplingTimeOPAMP-1\#ChannelRegularConversion,NbrOfConversionFlag,SubFamily,Channel-1\#ChannelRegularConversion,SamplingTime-1\#ChannelRegularConversion
ADC1.NbrOfConversionFlag=1
ADC1.SamplingTime-1\#ChannelRegularConversion=ADC_SAMPLETIME_181CYCLES_5
ADC1.SamplingTimeOPAMP-1\#ChannelRegularConversion=ADC_SAMPLETIME_61CYCLES_5
ADC1.SubFamily=STM32F334x8
ADC1.master=1
ADC2.Channel-0\#ChannelRegularConversion=ADC_CHANNEL_3
ADC2.ExternalTrigConv=ADC_EXTERNALTRIGCONVHRTIM_TRG1
ADC2.IPParameters=NbrOfConversionFlag,SubFamily,Rank1_Channel,Channel-0\#ChannelRegularConversion,ExternalTrigConv,SamplingTime-0\#ChannelRegularConversion
ADC2.NbrOfConversionFlag=1
ADC2.Rank1_Channel=ADC_CHANNEL_3
ADC2.SamplingTime-0\#ChannelRegularConversion=ADC_SAMPLETIME_181CYCLES_5
ADC2.SubFamily=STM32F334x8
CAD.formats=
CAD.pinconfig=
CAD.provider=
Dma.ADC2.0.Direction=DMA_PERIPH_TO_MEMORY
Dma.ADC2.0.Instance=DMA1_Channel2
Dma.ADC2.0.MemDataAlignment=DMA_MDATAALIGN_HALFWORD
Dma.ADC2.0.MemInc=DMA_MINC_ENABLE
Dma.ADC2.0.Mode=DMA_NORMAL
Dma.ADC2.0.PeriphDataAlignment=DMA_PDATAALIGN_HALFWORD
Dma.ADC2.0.PeriphInc=DMA_PINC_DISABLE
Dma.ADC2.0.Priority=DMA_PRIORITY_LOW
Dma.ADC2.0.RequestParameters=Instance,Direction,PeriphInc,MemInc,PeriphDataAlignment,MemDataAlignment,Mode,Priority
Dma.Request0=ADC2
Dma.Request1=USART1_TX
Dma.RequestsNb=2
Dma.USART1_TX.1.Direction=DMA_MEMORY_TO_PERIPH
Dma.USART1_TX.1.Instance=DMA1_Channel4
Dma.USART1_TX.1.MemDataAlignment=DMA_MDATAALIGN_BYTE
Dma.USART1_TX.1.MemInc=DMA_MINC_ENABLE
Dma.USART1_TX.1.Mode=DMA_NORMAL
Dma.USART1_TX.1.PeriphDataAlignment=DMA_PDATAALIGN_BYTE
Dma.USART1_TX.1.PeriphInc=DMA_PINC_DISABLE
Dma.USART1_TX.1.Priority=DMA_PRIORITY_LOW
Dma.USART1_TX.1.RequestParameters=Instance,Direction,PeriphInc,MemInc,PeriphDataAlignment,MemDataAlignment,Mode,Priority
File.Version=6
GPIO.groupedBy=Group By Peripherals
HRTIM1.ADCTrigger1_Source1=HRTIM_ADCTRIGGEREVENT13_TIMERA_CMP3
HRTIM1.ADCTrigger_Id1=HRTIM_ADCTRIGGER_1
HRTIM1.CompareUnit1-Output_TA1=HRTIM_COMPAREUNIT_1
HRTIM1.CompareUnit2-Output_TA1=__NULL
HRTIM1.CompareUnit3-Output_TA1=HRTIM_COMPAREUNIT_3
HRTIM1.CompareValue1-Output_TA1=192
HRTIM1.CompareValue3-Output_TA1=96
HRTIM1.IPParameters=NumberSetSource1-Output_TA1,CompareUnit1-Output_TA1,CompareUnit3-Output_TA1,CompareUnit2-Output_TA1,SetOutput1_Source1-Output_TA1,NumberResetSource1-Output_TA1,ResetOutput1_Source1-Output_TA1,PreloadEnable-Output_TA1,RepetitionUpdate-Output_TA1,Periode_TA,CompareValue1-Output_TA1,CompareValue3-Output_TA1,ADCTrigger_Id1,NumberADCTriggerSource1,ADCTrigger1_Source1
HRTIM1.NumberADCTriggerSource1=1
HRTIM1.NumberResetSource1-Output_TA1=1
HRTIM1.NumberSetSource1-Output_TA1=1
HRTIM1.Periode_TA=11520
HRTIM1.PreloadEnable-Output_TA1=HRTIM_PRELOAD_ENABLED
HRTIM1.RepetitionUpdate-Output_TA1=HRTIM_UPDATEONREPETITION_ENABLED
HRTIM1.ResetOutput1_Source1-Output_TA1=HRTIM_OUTPUTRESET_TIMCMP1
HRTIM1.SetOutput1_Source1-Output_TA1=HRTIM_OUTPUTSET_TIMPER
KeepUserPlacement=false
Mcu.CPN=STM32F334R8T6
Mcu.Family=STM32F3
Mcu.IP0=ADC1
Mcu.IP1=ADC2
Mcu.IP2=DMA
Mcu.IP3=HRTIM1
Mcu.IP4=NVIC
Mcu.IP5=RCC
Mcu.IP6=SYS
Mcu.IP7=TIM1
Mcu.IP8=TIM6
Mcu.IP9=USART1
Mcu.IPNb=10
Mcu.Name=STM32F334R(6-8)Tx
Mcu.Package=LQFP64
Mcu.Pin0=PF0 / OSC_IN
Mcu.Pin1=PF1 / OSC_OUT
Mcu.Pin10=PA15
Mcu.Pin11=PB6
Mcu.Pin12=VP_SYS_VS_Systick
Mcu.Pin13=VP_TIM1_VS_ClockSourceINT
Mcu.Pin14=VP_TIM6_VS_ClockSourceINT
Mcu.Pin2=PA1
Mcu.Pin3=PA6
Mcu.Pin4=PB15
Mcu.Pin5=PA8
Mcu.Pin6=PA9
Mcu.Pin7=PA11
Mcu.Pin8=PA13
Mcu.Pin9=PA14
Mcu.PinsNb=15
Mcu.ThirdPartyNb=0
Mcu.UserConstants=
Mcu.UserName=STM32F334R8Tx
MxCube.Version=6.10.0
MxDb.Version=DB.6.0.100
NVIC.ADC1_2_IRQn=true\:0\:0\:false\:false\:true\:true\:true\:true
NVIC.BusFault_IRQn=true\:0\:0\:false\:false\:true\:false\:false\:false
NVIC.DMA1_Channel2_IRQn=true\:0\:0\:false\:false\:true\:false\:true\:true
NVIC.DMA1_Channel4_IRQn=true\:0\:0\:false\:false\:true\:false\:true\:true
NVIC.DebugMonitor_IRQn=true\:0\:0\:false\:false\:true\:false\:false\:false
NVIC.ForceEnableDMAVector=true
NVIC.HRTIM1_TIMA_IRQn=true\:0\:0\:false\:false\:true\:true\:true\:true
NVIC.HardFault_IRQn=true\:0\:0\:false\:false\:true\:false\:false\:false
NVIC.MemoryManagement_IRQn=true\:0\:0\:false\:false\:true\:false\:false\:false
NVIC.NonMaskableInt_IRQn=true\:0\:0\:false\:false\:true\:false\:false\:false
NVIC.PendSV_IRQn=true\:0\:0\:false\:false\:true\:false\:false\:false
NVIC.PriorityGroup=NVIC_PRIORITYGROUP_4
NVIC.SVCall_IRQn=true\:0\:0\:false\:false\:true\:false\:false\:false
NVIC.SysTick_IRQn=true\:15\:0\:false\:false\:true\:false\:true\:false
NVIC.TIM6_DAC1_IRQn=true\:0\:0\:false\:false\:true\:true\:true\:true
NVIC.USART1_IRQn=true\:0\:0\:false\:false\:true\:true\:true\:true
NVIC.UsageFault_IRQn=true\:0\:0\:false\:false\:true\:false\:false\:false
PA1.Mode=IN2-Single-Ended
PA1.Signal=ADC1_IN2
PA11.GPIOParameters=PinState,GPIO_Label
PA11.GPIO_Label=ENABLE
PA11.Locked=true
PA11.PinState=GPIO_PIN_SET
PA11.Signal=GPIO_Output
PA13.Mode=Serial_Wire
PA13.Signal=SYS_JTMS-SWDIO
PA14.Mode=Serial_Wire
PA14.Signal=SYS_JTCK-SWCLK
PA15.GPIOParameters=PinState,GPIO_Label
PA15.GPIO_Label=LED_R
PA15.Locked=true
PA15.PinState=GPIO_PIN_SET
PA15.Signal=GPIO_Output
PA6.Mode=IN3-Single-Ended
PA6.Signal=ADC2_IN3
PA8.Mode=Output_TA1
PA8.Signal=HRTIM1_CHA1
PA9.Locked=true
PA9.Signal=S_TIM1_CH2
PB15.GPIOParameters=GPIO_Label
PB15.GPIO_Label=LED_G
PB15.Locked=true
PB15.Signal=GPIO_Output
PB6.GPIOParameters=GPIO_Speed,GPIO_FM6,GPIO_ModeDefaultOD,GPIO_PuPd
PB6.GPIO_FM6=__NULL
PB6.GPIO_ModeDefaultOD=GPIO_MODE_AF_OD
PB6.GPIO_PuPd=GPIO_PULLUP
PB6.GPIO_Speed=GPIO_SPEED_FREQ_HIGH
PB6.Locked=true
PB6.Mode=Half_duplex(single_wire_mode)
PB6.Signal=USART1_TX
PF0\ /\ OSC_IN.Mode=HSE-External-Oscillator
PF0\ /\ OSC_IN.Signal=RCC_OSC_IN
PF1\ /\ OSC_OUT.Mode=HSE-External-Oscillator
PF1\ /\ OSC_OUT.Signal=RCC_OSC_OUT
PinOutPanel.RotationAngle=0
ProjectManager.AskForMigrate=true
ProjectManager.BackupPrevious=false
ProjectManager.CompilerOptimize=6
ProjectManager.ComputerToolchain=false
ProjectManager.CoupleFile=true
ProjectManager.CustomerFirmwarePackage=
ProjectManager.DefaultFWLocation=true
ProjectManager.DeletePrevious=true
ProjectManager.DeviceId=STM32F334R8Tx
ProjectManager.FirmwarePackage=STM32Cube FW_F3 V1.11.4
ProjectManager.FreePins=false
ProjectManager.HalAssertFull=false
ProjectManager.HeapSize=0x200
ProjectManager.KeepUserCode=true
ProjectManager.LastFirmware=true
ProjectManager.LibraryCopy=2
ProjectManager.MainLocation=Core/Src
ProjectManager.NoMain=false
ProjectManager.PreviousToolchain=
ProjectManager.ProjectBuild=false
ProjectManager.ProjectFileName=Buck_Test.ioc
ProjectManager.ProjectName=Buck_Test
ProjectManager.ProjectStructure=
ProjectManager.RegisterCallBack=
ProjectManager.StackSize=0x400
ProjectManager.TargetToolchain=Makefile
ProjectManager.ToolChainLocation=
ProjectManager.UAScriptAfterPath=
ProjectManager.UAScriptBeforePath=
ProjectManager.UnderRoot=false
ProjectManager.functionlistsort=1-SystemClock_Config-RCC-false-HAL-false,2-MX_GPIO_Init-GPIO-false-HAL-true,3-MX_DMA_Init-DMA-false-HAL-true,4-MX_HRTIM1_Init-HRTIM1-false-HAL-true,5-MX_ADC1_Init-ADC1-false-HAL-true,6-MX_ADC2_Init-ADC2-false-HAL-true,7-MX_USART1_UART_Init-USART1-false-HAL-true,8-MX_TIM1_Init-TIM1-false-HAL-true,9-MX_TIM6_Init-TIM6-false-HAL-true
RCC.ADC12outputFreq_Value=72000000
RCC.AHBFreq_Value=72000000
RCC.APB1CLKDivider=RCC_HCLK_DIV2
RCC.APB1Freq_Value=36000000
RCC.APB1TimFreq_Value=72000000
RCC.APB2Freq_Value=72000000
RCC.APB2TimFreq_Value=72000000
RCC.CortexFreq_Value=72000000
RCC.FCLKCortexFreq_Value=72000000
RCC.FamilyName=M
RCC.HCLKFreq_Value=72000000
RCC.HRTIM1Freq_Value=144000000
RCC.HRTIMSelection=RCC_HRTIM1CLK_PLLCLK
RCC.HSEPLLFreq_Value=8000000
RCC.HSIPLLFreq_Value=4000000
RCC.HSI_VALUE=8000000
RCC.I2C1Freq_Value=8000000
RCC.IPParameters=ADC12outputFreq_Value,AHBFreq_Value,APB1CLKDivider,APB1Freq_Value,APB1TimFreq_Value,APB2Freq_Value,APB2TimFreq_Value,CortexFreq_Value,FCLKCortexFreq_Value,FamilyName,HCLKFreq_Value,HRTIM1Freq_Value,HRTIMSelection,HSEPLLFreq_Value,HSIPLLFreq_Value,HSI_VALUE,I2C1Freq_Value,LSE_VALUE,LSI_VALUE,MCOFreq_Value,PLLCLKFreq_Value,PLLMCOFreq_Value,PLLMUL,PLLSourceVirtual,RTCFreq_Value,RTCHSEDivFreq_Value,SYSCLKFreq_VALUE,SYSCLKSourceVirtual,TIM1Freq_Value,TIM2Freq_Value,USART1Freq_Value,VCOOutput2Freq_Value
RCC.LSE_VALUE=32768
RCC.LSI_VALUE=40000
RCC.MCOFreq_Value=72000000
RCC.PLLCLKFreq_Value=72000000
RCC.PLLMCOFreq_Value=72000000
RCC.PLLMUL=RCC_PLL_MUL9
RCC.PLLSourceVirtual=RCC_PLLSOURCE_HSE
RCC.RTCFreq_Value=40000
RCC.RTCHSEDivFreq_Value=250000
RCC.SYSCLKFreq_VALUE=72000000
RCC.SYSCLKSourceVirtual=RCC_SYSCLKSOURCE_PLLCLK
RCC.TIM1Freq_Value=72000000
RCC.TIM2Freq_Value=72000000
RCC.USART1Freq_Value=36000000
RCC.VCOOutput2Freq_Value=8000000
SH.S_TIM1_CH2.0=TIM1_CH2,PWM Generation2 CH2
SH.S_TIM1_CH2.ConfNb=1
TIM1.AutoReloadPreload=TIM_AUTORELOAD_PRELOAD_ENABLE
TIM1.Channel-PWM\ Generation2\ CH2=TIM_CHANNEL_2
TIM1.IPParameters=Channel-PWM Generation2 CH2,AutoReloadPreload,Period
TIM1.Period=720
TIM6.IPParameters=Prescaler,Period
TIM6.Period=1000
TIM6.Prescaler=36000
USART1.BaudRate=250000
USART1.IPParameters=VirtualMode-Half_duplex(single_wire_mode),BaudRate,Mode
USART1.Mode=MODE_TX
USART1.VirtualMode-Half_duplex(single_wire_mode)=VM_ASYNC
VP_SYS_VS_Systick.Mode=SysTick
VP_SYS_VS_Systick.Signal=SYS_VS_Systick
VP_TIM1_VS_ClockSourceINT.Mode=Internal
VP_TIM1_VS_ClockSourceINT.Signal=TIM1_VS_ClockSourceINT
VP_TIM6_VS_ClockSourceINT.Mode=Enable_Timer
VP_TIM6_VS_ClockSourceINT.Signal=TIM6_VS_ClockSourceINT
board=custom
